
Microsoft Visual Studio Solution File, Format Version 12.00
# Visual Studio Version 17
VisualStudioVersion = 17.13.35825.156 d17.13
MinimumVisualStudioVersion = 10.0.40219.1
Project("{FAE04EC0-301F-11D3-BF4B-00C04F79EFBC}") = "Triangle", "Triangle.csproj", "{0EBA07C1-D4AA-4FEE-8858-845B66FFB3F8}"
EndProject
Global
	GlobalSection(SolutionConfigurationPlatforms) = preSolution
		Debug|Any CPU = Debug|Any CPU
		Release|Any CPU = Release|Any CPU
	EndGlobalSection
	GlobalSection(ProjectConfigurationPlatforms) = postSolution
		{0EBA07C1-D4AA-4FEE-8858-845B66FFB3F8}.Debug|Any CPU.ActiveCfg = Debug|Any CPU
		{0EBA07C1-D4AA-4FEE-8858-845B66FFB3F8}.Debug|Any CPU.Build.0 = Debug|Any CPU
		{0EBA07C1-D4AA-4FEE-8858-845B66FFB3F8}.Release|Any CPU.ActiveCfg = Release|Any CPU
		{0EBA07C1-D4AA-4FEE-8858-845B66FFB3F8}.Release|Any CPU.Build.0 = Release|Any CPU
	EndGlobalSection
	GlobalSection(SolutionProperties) = preSolution
		HideSolutionNode = FALSE
	EndGlobalSection
	GlobalSection(ExtensibilityGlobals) = postSolution
		SolutionGuid = {5A2D50A1-AD87-4072-A170-C732C1879305}
	EndGlobalSection
EndGlobal
