
Microsoft Visual Studio Solution File, Format Version 12.00
# Visual Studio Version 17
VisualStudioVersion = 17.13.35825.156 d17.13
MinimumVisualStudioVersion = 10.0.40219.1
Project("{FAE04EC0-301F-11D3-BF4B-00C04F79EFBC}") = "Profile", "Profile.csproj", "{22D4D05F-82E6-4D32-A8EE-94CBA070823D}"
EndProject
Global
	GlobalSection(SolutionConfigurationPlatforms) = preSolution
		Debug|Any CPU = Debug|Any CPU
		Release|Any CPU = Release|Any CPU
	EndGlobalSection
	GlobalSection(ProjectConfigurationPlatforms) = postSolution
		{22D4D05F-82E6-4D32-A8EE-94CBA070823D}.Debug|Any CPU.ActiveCfg = Debug|Any CPU
		{22D4D05F-82E6-4D32-A8EE-94CBA070823D}.Debug|Any CPU.Build.0 = Debug|Any CPU
		{22D4D05F-82E6-4D32-A8EE-94CBA070823D}.Release|Any CPU.ActiveCfg = Release|Any CPU
		{22D4D05F-82E6-4D32-A8EE-94CBA070823D}.Release|Any CPU.Build.0 = Release|Any CPU
	EndGlobalSection
	GlobalSection(SolutionProperties) = preSolution
		HideSolutionNode = FALSE
	EndGlobalSection
	GlobalSection(ExtensibilityGlobals) = postSolution
		SolutionGuid = {110CF46A-27A6-4A42-8913-08E9D09383D2}
	EndGlobalSection
EndGlobal
