
Microsoft Visual Studio Solution File, Format Version 12.00
# Visual Studio Version 17
VisualStudioVersion = 17.13.35825.156 d17.13
MinimumVisualStudioVersion = 10.0.40219.1
Project("{FAE04EC0-301F-11D3-BF4B-00C04F79EFBC}") = "DateConversion", "DateConversion.csproj", "{8F6D17C8-EEC4-468D-9C88-59DAEF6D80EF}"
EndProject
Global
	GlobalSection(SolutionConfigurationPlatforms) = preSolution
		Debug|Any CPU = Debug|Any CPU
		Release|Any CPU = Release|Any CPU
	EndGlobalSection
	GlobalSection(ProjectConfigurationPlatforms) = postSolution
		{8F6D17C8-EEC4-468D-9C88-59DAEF6D80EF}.Debug|Any CPU.ActiveCfg = Debug|Any CPU
		{8F6D17C8-EEC4-468D-9C88-59DAEF6D80EF}.Debug|Any CPU.Build.0 = Debug|Any CPU
		{8F6D17C8-EEC4-468D-9C88-59DAEF6D80EF}.Release|Any CPU.ActiveCfg = Release|Any CPU
		{8F6D17C8-EEC4-468D-9C88-59DAEF6D80EF}.Release|Any CPU.Build.0 = Release|Any CPU
	EndGlobalSection
	GlobalSection(SolutionProperties) = preSolution
		HideSolutionNode = FALSE
	EndGlobalSection
	GlobalSection(ExtensibilityGlobals) = postSolution
		SolutionGuid = {68C632E5-0DE0-438D-B291-1A7624344DF0}
	EndGlobalSection
EndGlobal
