
Microsoft Visual Studio Solution File, Format Version 12.00
# Visual Studio Version 17
VisualStudioVersion = 17.13.35825.156 d17.13
MinimumVisualStudioVersion = 10.0.40219.1
Project("{FAE04EC0-301F-11D3-BF4B-00C04F79EFBC}") = "Var", "Var.csproj", "{6C45CD01-8F5E-419B-9EAD-B42165AC6773}"
EndProject
Global
	GlobalSection(SolutionConfigurationPlatforms) = preSolution
		Debug|Any CPU = Debug|Any CPU
		Release|Any CPU = Release|Any CPU
	EndGlobalSection
	GlobalSection(ProjectConfigurationPlatforms) = postSolution
		{6C45CD01-8F5E-419B-9EAD-B42165AC6773}.Debug|Any CPU.ActiveCfg = Debug|Any CPU
		{6C45CD01-8F5E-419B-9EAD-B42165AC6773}.Debug|Any CPU.Build.0 = Debug|Any CPU
		{6C45CD01-8F5E-419B-9EAD-B42165AC6773}.Release|Any CPU.ActiveCfg = Release|Any CPU
		{6C45CD01-8F5E-419B-9EAD-B42165AC6773}.Release|Any CPU.Build.0 = Release|Any CPU
	EndGlobalSection
	GlobalSection(SolutionProperties) = preSolution
		HideSolutionNode = FALSE
	EndGlobalSection
	GlobalSection(ExtensibilityGlobals) = postSolution
		SolutionGuid = {E5A7946F-6461-48D6-A628-B454C69EDB85}
	EndGlobalSection
EndGlobal
