
Microsoft Visual Studio Solution File, Format Version 12.00
# Visual Studio Version 17
VisualStudioVersion = 17.13.35825.156 d17.13
MinimumVisualStudioVersion = 10.0.40219.1
Project("{FAE04EC0-301F-11D3-BF4B-00C04F79EFBC}") = "DataTypeAPP", "DataTypeAPP.csproj", "{1BF304F3-AA15-4A49-A366-EB7C39ABD8C7}"
EndProject
Global
	GlobalSection(SolutionConfigurationPlatforms) = preSolution
		Debug|Any CPU = Debug|Any CPU
		Release|Any CPU = Release|Any CPU
	EndGlobalSection
	GlobalSection(ProjectConfigurationPlatforms) = postSolution
		{1BF304F3-AA15-4A49-A366-EB7C39ABD8C7}.Debug|Any CPU.ActiveCfg = Debug|Any CPU
		{1BF304F3-AA15-4A49-A366-EB7C39ABD8C7}.Debug|Any CPU.Build.0 = Debug|Any CPU
		{1BF304F3-AA15-4A49-A366-EB7C39ABD8C7}.Release|Any CPU.ActiveCfg = Release|Any CPU
		{1BF304F3-AA15-4A49-A366-EB7C39ABD8C7}.Release|Any CPU.Build.0 = Release|Any CPU
	EndGlobalSection
	GlobalSection(SolutionProperties) = preSolution
		HideSolutionNode = FALSE
	EndGlobalSection
	GlobalSection(ExtensibilityGlobals) = postSolution
		SolutionGuid = {C2620B65-B156-47F1-BDA7-2AACD05DC07E}
	EndGlobalSection
EndGlobal
