
Microsoft Visual Studio Solution File, Format Version 12.00
# Visual Studio Version 17
VisualStudioVersion = 17.13.35825.156 d17.13
MinimumVisualStudioVersion = 10.0.40219.1
Project("{FAE04EC0-301F-11D3-BF4B-00C04F79EFBC}") = "RectangleApplication", "RectangleApplication.csproj", "{7F7E823A-2AAC-4AAE-80E2-1D3B0C8F4746}"
EndProject
Global
	GlobalSection(SolutionConfigurationPlatforms) = preSolution
		Debug|Any CPU = Debug|Any CPU
		Release|Any CPU = Release|Any CPU
	EndGlobalSection
	GlobalSection(ProjectConfigurationPlatforms) = postSolution
		{7F7E823A-2AAC-4AAE-80E2-1D3B0C8F4746}.Debug|Any CPU.ActiveCfg = Debug|Any CPU
		{7F7E823A-2AAC-4AAE-80E2-1D3B0C8F4746}.Debug|Any CPU.Build.0 = Debug|Any CPU
		{7F7E823A-2AAC-4AAE-80E2-1D3B0C8F4746}.Release|Any CPU.ActiveCfg = Release|Any CPU
		{7F7E823A-2AAC-4AAE-80E2-1D3B0C8F4746}.Release|Any CPU.Build.0 = Release|Any CPU
	EndGlobalSection
	GlobalSection(SolutionProperties) = preSolution
		HideSolutionNode = FALSE
	EndGlobalSection
	GlobalSection(ExtensibilityGlobals) = postSolution
		SolutionGuid = {B934E850-E3D0-4696-9D56-A0E5971F7BF0}
	EndGlobalSection
EndGlobal
