
Microsoft Visual Studio Solution File, Format Version 12.00
# Visual Studio Version 17
VisualStudioVersion = 17.13.35825.156 d17.13
MinimumVisualStudioVersion = 10.0.40219.1
Project("{FAE04EC0-301F-11D3-BF4B-00C04F79EFBC}") = "GradeReport", "GradeReport.csproj", "{EDAC05F0-FFE1-436E-BC34-E89E63935B99}"
EndProject
Global
	GlobalSection(SolutionConfigurationPlatforms) = preSolution
		Debug|Any CPU = Debug|Any CPU
		Release|Any CPU = Release|Any CPU
	EndGlobalSection
	GlobalSection(ProjectConfigurationPlatforms) = postSolution
		{EDAC05F0-FFE1-436E-BC34-E89E63935B99}.Debug|Any CPU.ActiveCfg = Debug|Any CPU
		{EDAC05F0-FFE1-436E-BC34-E89E63935B99}.Debug|Any CPU.Build.0 = Debug|Any CPU
		{EDAC05F0-FFE1-436E-BC34-E89E63935B99}.Release|Any CPU.ActiveCfg = Release|Any CPU
		{EDAC05F0-FFE1-436E-BC34-E89E63935B99}.Release|Any CPU.Build.0 = Release|Any CPU
	EndGlobalSection
	GlobalSection(SolutionProperties) = preSolution
		HideSolutionNode = FALSE
	EndGlobalSection
	GlobalSection(ExtensibilityGlobals) = postSolution
		SolutionGuid = {159D22AA-518F-4A8C-89CF-0C1E7378F392}
	EndGlobalSection
EndGlobal
