
Microsoft Visual Studio Solution File, Format Version 12.00
# Visual Studio Version 17
VisualStudioVersion = 17.13.35825.156 d17.13
MinimumVisualStudioVersion = 10.0.40219.1
Project("{FAE04EC0-301F-11D3-BF4B-00C04F79EFBC}") = "Operator", "Operator.csproj", "{7D34512C-8AFC-47A9-91A7-97F1BDBA58A7}"
EndProject
Global
	GlobalSection(SolutionConfigurationPlatforms) = preSolution
		Debug|Any CPU = Debug|Any CPU
		Release|Any CPU = Release|Any CPU
	EndGlobalSection
	GlobalSection(ProjectConfigurationPlatforms) = postSolution
		{7D34512C-8AFC-47A9-91A7-97F1BDBA58A7}.Debug|Any CPU.ActiveCfg = Debug|Any CPU
		{7D34512C-8AFC-47A9-91A7-97F1BDBA58A7}.Debug|Any CPU.Build.0 = Debug|Any CPU
		{7D34512C-8AFC-47A9-91A7-97F1BDBA58A7}.Release|Any CPU.ActiveCfg = Release|Any CPU
		{7D34512C-8AFC-47A9-91A7-97F1BDBA58A7}.Release|Any CPU.Build.0 = Release|Any CPU
	EndGlobalSection
	GlobalSection(SolutionProperties) = preSolution
		HideSolutionNode = FALSE
	EndGlobalSection
	GlobalSection(ExtensibilityGlobals) = postSolution
		SolutionGuid = {C3F6EF91-DA2C-4BAA-B5E6-0E43A6F25BC5}
	EndGlobalSection
EndGlobal
