
Microsoft Visual Studio Solution File, Format Version 12.00
# Visual Studio Version 17
VisualStudioVersion = 17.13.35825.156 d17.13
MinimumVisualStudioVersion = 10.0.40219.1
Project("{FAE04EC0-301F-11D3-BF4B-00C04F79EFBC}") = "StudentProfilee", "StudentProfilee.csproj", "{7648416D-E1EC-438D-B0B4-B0CA59F45BAC}"
EndProject
Global
	GlobalSection(SolutionConfigurationPlatforms) = preSolution
		Debug|Any CPU = Debug|Any CPU
		Release|Any CPU = Release|Any CPU
	EndGlobalSection
	GlobalSection(ProjectConfigurationPlatforms) = postSolution
		{7648416D-E1EC-438D-B0B4-B0CA59F45BAC}.Debug|Any CPU.ActiveCfg = Debug|Any CPU
		{7648416D-E1EC-438D-B0B4-B0CA59F45BAC}.Debug|Any CPU.Build.0 = Debug|Any CPU
		{7648416D-E1EC-438D-B0B4-B0CA59F45BAC}.Release|Any CPU.ActiveCfg = Release|Any CPU
		{7648416D-E1EC-438D-B0B4-B0CA59F45BAC}.Release|Any CPU.Build.0 = Release|Any CPU
	EndGlobalSection
	GlobalSection(SolutionProperties) = preSolution
		HideSolutionNode = FALSE
	EndGlobalSection
	GlobalSection(ExtensibilityGlobals) = postSolution
		SolutionGuid = {230953EE-7E44-4EB2-9A69-515A2274388F}
	EndGlobalSection
EndGlobal
